
Microsoft Visual Studio Solution File, Format Version 12.00
# Visual Studio Version 16
VisualStudioVersion = 16.0.31702.278
MinimumVisualStudioVersion = 10.0.40219.1
Project("{FAE04EC0-301F-11D3-BF4B-00C04F79EFBC}") = "BinarySearchTree", "BinarySearchTree\BinarySearchTree.csproj", "{CD0672B4-592E-4504-8E46-8E4A663EFB08}"
EndProject
Global
	GlobalSection(SolutionConfigurationPlatforms) = preSolution
		Debug|Any CPU = Debug|Any CPU
		Release|Any CPU = Release|Any CPU
	EndGlobalSection
	GlobalSection(ProjectConfigurationPlatforms) = postSolution
		{CD0672B4-592E-4504-8E46-8E4A663EFB08}.Debug|Any CPU.ActiveCfg = Debug|Any CPU
		{CD0672B4-592E-4504-8E46-8E4A663EFB08}.Debug|Any CPU.Build.0 = Debug|Any CPU
		{CD0672B4-592E-4504-8E46-8E4A663EFB08}.Release|Any CPU.ActiveCfg = Release|Any CPU
		{CD0672B4-592E-4504-8E46-8E4A663EFB08}.Release|Any CPU.Build.0 = Release|Any CPU
	EndGlobalSection
	GlobalSection(SolutionProperties) = preSolution
		HideSolutionNode = FALSE
	EndGlobalSection
	GlobalSection(ExtensibilityGlobals) = postSolution
		SolutionGuid = {F2B74F91-1F8F-4BBA-83C1-4AD5A38CE7CA}
	EndGlobalSection
EndGlobal
